
Microsoft Visual Studio Solution File, Format Version 12.00
# Visual Studio 14
VisualStudioVersion = 14.0.25420.1
MinimumVisualStudioVersion = 10.0.40219.1
Project("{F2A71F9B-5D33-465A-A702-920D77279786}") = "Aardvark.Compiler.DomainTypes.MSBuild", "Aardvark.Compiler.DomainTypes.MSBuild\Aardvark.Compiler.DomainTypes.MSBuild.fsproj", "{378DF51A-1C31-4AF4-ACED-9CFB5C1252E9}"
EndProject
Project("{F2A71F9B-5D33-465A-A702-920D77279786}") = "Example", "Example\Example.fsproj", "{355F5832-0293-4EE7-9AE2-8743F9DE02E0}"
EndProject
Project("{F2A71F9B-5D33-465A-A702-920D77279786}") = "Aardvark.Compiler.DomainTypeTool", "Aardvark.Compiler.DomainTypeTool\Aardvark.Compiler.DomainTypeTool.fsproj", "{D8A9B8C7-1416-4EF8-B46D-96B37C64A134}"
EndProject
Project("{F2A71F9B-5D33-465A-A702-920D77279786}") = "Aardvark.Compiler.DomainTypes", "Aardvark.Compiler.DomainTypes\Aardvark.Compiler.DomainTypes.fsproj", "{5E1B8A75-6C05-41E6-84F1-A0D6B4CD2B32}"
EndProject
Global
	GlobalSection(SolutionConfigurationPlatforms) = preSolution
		Debug|Any CPU = Debug|Any CPU
		Release|Any CPU = Release|Any CPU
	EndGlobalSection
	GlobalSection(ProjectConfigurationPlatforms) = postSolution
		{378DF51A-1C31-4AF4-ACED-9CFB5C1252E9}.Debug|Any CPU.ActiveCfg = Debug|Any CPU
		{378DF51A-1C31-4AF4-ACED-9CFB5C1252E9}.Debug|Any CPU.Build.0 = Debug|Any CPU
		{378DF51A-1C31-4AF4-ACED-9CFB5C1252E9}.Release|Any CPU.ActiveCfg = Release|Any CPU
		{378DF51A-1C31-4AF4-ACED-9CFB5C1252E9}.Release|Any CPU.Build.0 = Release|Any CPU
		{355F5832-0293-4EE7-9AE2-8743F9DE02E0}.Debug|Any CPU.ActiveCfg = Debug|Any CPU
		{355F5832-0293-4EE7-9AE2-8743F9DE02E0}.Debug|Any CPU.Build.0 = Debug|Any CPU
		{355F5832-0293-4EE7-9AE2-8743F9DE02E0}.Release|Any CPU.ActiveCfg = Release|Any CPU
		{355F5832-0293-4EE7-9AE2-8743F9DE02E0}.Release|Any CPU.Build.0 = Release|Any CPU
		{D8A9B8C7-1416-4EF8-B46D-96B37C64A134}.Debug|Any CPU.ActiveCfg = Debug|Any CPU
		{D8A9B8C7-1416-4EF8-B46D-96B37C64A134}.Debug|Any CPU.Build.0 = Debug|Any CPU
		{D8A9B8C7-1416-4EF8-B46D-96B37C64A134}.Release|Any CPU.ActiveCfg = Release|Any CPU
		{D8A9B8C7-1416-4EF8-B46D-96B37C64A134}.Release|Any CPU.Build.0 = Release|Any CPU
		{5E1B8A75-6C05-41E6-84F1-A0D6B4CD2B32}.Debug|Any CPU.ActiveCfg = Debug|Any CPU
		{5E1B8A75-6C05-41E6-84F1-A0D6B4CD2B32}.Debug|Any CPU.Build.0 = Debug|Any CPU
		{5E1B8A75-6C05-41E6-84F1-A0D6B4CD2B32}.Release|Any CPU.ActiveCfg = Release|Any CPU
		{5E1B8A75-6C05-41E6-84F1-A0D6B4CD2B32}.Release|Any CPU.Build.0 = Release|Any CPU
	EndGlobalSection
	GlobalSection(SolutionProperties) = preSolution
		HideSolutionNode = FALSE
	EndGlobalSection
EndGlobal
